
Microsoft Visual Studio Solution File, Format Version 12.00
# Visual Studio Version 16
VisualStudioVersion = 16.0.29613.14
MinimumVisualStudioVersion = 10.0.40219.1
Project("{FAE04EC0-301F-11D3-BF4B-00C04F79EFBC}") = "Restaurator", "Restaurator\Restaurator.csproj", "{CBF9317D-BA71-473A-B8E0-95EEDE605DE3}"
EndProject
Global
	GlobalSection(SolutionConfigurationPlatforms) = preSolution
		Debug|Any CPU = Debug|Any CPU
		Release|Any CPU = Release|Any CPU
	EndGlobalSection
	GlobalSection(ProjectConfigurationPlatforms) = postSolution
		{CBF9317D-BA71-473A-B8E0-95EEDE605DE3}.Debug|Any CPU.ActiveCfg = Debug|Any CPU
		{CBF9317D-BA71-473A-B8E0-95EEDE605DE3}.Debug|Any CPU.Build.0 = Debug|Any CPU
		{CBF9317D-BA71-473A-B8E0-95EEDE605DE3}.Release|Any CPU.ActiveCfg = Release|Any CPU
		{CBF9317D-BA71-473A-B8E0-95EEDE605DE3}.Release|Any CPU.Build.0 = Release|Any CPU
	EndGlobalSection
	GlobalSection(SolutionProperties) = preSolution
		HideSolutionNode = FALSE
	EndGlobalSection
	GlobalSection(ExtensibilityGlobals) = postSolution
		SolutionGuid = {56410EF4-8CF3-4D37-B153-47A0A2D76ACC}
	EndGlobalSection
EndGlobal
